
Microsoft Visual Studio Solution File, Format Version 12.00
# Visual Studio Version 16
VisualStudioVersion = 16.0.31025.194
MinimumVisualStudioVersion = 10.0.40219.1
Project("{9A19103F-16F7-4668-BE54-9A1E7A4F7556}") = "GrpcDemo", "GrpcDemo\GrpcDemo.csproj", "{E7BDEBB1-4F7D-4D08-8DD8-2871F1A065E7}"
EndProject
Project("{FAE04EC0-301F-11D3-BF4B-00C04F79EFBC}") = "GrpcConsoleTest", "GrpcConsoleTest\GrpcConsoleTest.csproj", "{8E3B047B-999C-4CFD-9E6F-18E3A028F815}"
EndProject
Global
	GlobalSection(SolutionConfigurationPlatforms) = preSolution
		Debug|Any CPU = Debug|Any CPU
		Release|Any CPU = Release|Any CPU
	EndGlobalSection
	GlobalSection(ProjectConfigurationPlatforms) = postSolution
		{E7BDEBB1-4F7D-4D08-8DD8-2871F1A065E7}.Debug|Any CPU.ActiveCfg = Debug|Any CPU
		{E7BDEBB1-4F7D-4D08-8DD8-2871F1A065E7}.Debug|Any CPU.Build.0 = Debug|Any CPU
		{E7BDEBB1-4F7D-4D08-8DD8-2871F1A065E7}.Release|Any CPU.ActiveCfg = Release|Any CPU
		{E7BDEBB1-4F7D-4D08-8DD8-2871F1A065E7}.Release|Any CPU.Build.0 = Release|Any CPU
		{8E3B047B-999C-4CFD-9E6F-18E3A028F815}.Debug|Any CPU.ActiveCfg = Debug|Any CPU
		{8E3B047B-999C-4CFD-9E6F-18E3A028F815}.Debug|Any CPU.Build.0 = Debug|Any CPU
		{8E3B047B-999C-4CFD-9E6F-18E3A028F815}.Release|Any CPU.ActiveCfg = Release|Any CPU
		{8E3B047B-999C-4CFD-9E6F-18E3A028F815}.Release|Any CPU.Build.0 = Release|Any CPU
	EndGlobalSection
	GlobalSection(SolutionProperties) = preSolution
		HideSolutionNode = FALSE
	EndGlobalSection
	GlobalSection(ExtensibilityGlobals) = postSolution
		SolutionGuid = {C0E50DCC-47FF-4FE8-8C00-F0768D03690F}
	EndGlobalSection
EndGlobal
